
Microsoft Visual Studio Solution File, Format Version 12.00
# Visual Studio Version 17
VisualStudioVersion = 17.2.32630.192
MinimumVisualStudioVersion = 10.0.40219.1
Project("{FAE04EC0-301F-11D3-BF4B-00C04F79EFBC}") = "FastPunch", "FastPunch\FastPunch.csproj", "{3326AE36-D7DA-4056-A2EA-B5F06C35A607}"
EndProject
Global
	GlobalSection(SolutionConfigurationPlatforms) = preSolution
		Debug|Any CPU = Debug|Any CPU
		Release|Any CPU = Release|Any CPU
	EndGlobalSection
	GlobalSection(ProjectConfigurationPlatforms) = postSolution
		{3326AE36-D7DA-4056-A2EA-B5F06C35A607}.Debug|Any CPU.ActiveCfg = Debug|Any CPU
		{3326AE36-D7DA-4056-A2EA-B5F06C35A607}.Debug|Any CPU.Build.0 = Debug|Any CPU
		{3326AE36-D7DA-4056-A2EA-B5F06C35A607}.Release|Any CPU.ActiveCfg = Release|Any CPU
		{3326AE36-D7DA-4056-A2EA-B5F06C35A607}.Release|Any CPU.Build.0 = Release|Any CPU
	EndGlobalSection
	GlobalSection(SolutionProperties) = preSolution
		HideSolutionNode = FALSE
	EndGlobalSection
	GlobalSection(ExtensibilityGlobals) = postSolution
		SolutionGuid = {78A84EA5-D90B-4D6C-8DB9-6CF24FBF9C96}
	EndGlobalSection
EndGlobal
